
Microsoft Visual Studio Solution File, Format Version 12.00
# Visual Studio Version 16
VisualStudioVersion = 16.0.30517.126
MinimumVisualStudioVersion = 10.0.40219.1
Project("{9A19103F-16F7-4668-BE54-9A1E7A4F7556}") = "0.1Bombs", "0.1Bombs\0.1Bombs.csproj", "{5CE58BEC-057A-413B-A6DE-949B0BDD638E}"
EndProject
Project("{9A19103F-16F7-4668-BE54-9A1E7A4F7556}") = "test", "test\test.csproj", "{E30FD0D0-63C5-4ABC-97DD-C1CFB84D480F}"
EndProject
Project("{9A19103F-16F7-4668-BE54-9A1E7A4F7556}") = "0.3 Parking", "0.3 Parking\0.3 Parking.csproj", "{2CAD1AD0-6E91-45A7-B836-9CC7302D47E3}"
EndProject
Project("{FAE04EC0-301F-11D3-BF4B-00C04F79EFBC}") = "0.2Snake", "0.2Snake\0.2Snake.csproj", "{FDC08C0B-1A24-4A51-93EC-6210BAC8ACD1}"
EndProject
Global
	GlobalSection(SolutionConfigurationPlatforms) = preSolution
		Debug|Any CPU = Debug|Any CPU
		Release|Any CPU = Release|Any CPU
	EndGlobalSection
	GlobalSection(ProjectConfigurationPlatforms) = postSolution
		{5CE58BEC-057A-413B-A6DE-949B0BDD638E}.Debug|Any CPU.ActiveCfg = Debug|Any CPU
		{5CE58BEC-057A-413B-A6DE-949B0BDD638E}.Debug|Any CPU.Build.0 = Debug|Any CPU
		{5CE58BEC-057A-413B-A6DE-949B0BDD638E}.Release|Any CPU.ActiveCfg = Release|Any CPU
		{5CE58BEC-057A-413B-A6DE-949B0BDD638E}.Release|Any CPU.Build.0 = Release|Any CPU
		{E30FD0D0-63C5-4ABC-97DD-C1CFB84D480F}.Debug|Any CPU.ActiveCfg = Debug|Any CPU
		{E30FD0D0-63C5-4ABC-97DD-C1CFB84D480F}.Debug|Any CPU.Build.0 = Debug|Any CPU
		{E30FD0D0-63C5-4ABC-97DD-C1CFB84D480F}.Release|Any CPU.ActiveCfg = Release|Any CPU
		{E30FD0D0-63C5-4ABC-97DD-C1CFB84D480F}.Release|Any CPU.Build.0 = Release|Any CPU
		{2CAD1AD0-6E91-45A7-B836-9CC7302D47E3}.Debug|Any CPU.ActiveCfg = Debug|Any CPU
		{2CAD1AD0-6E91-45A7-B836-9CC7302D47E3}.Debug|Any CPU.Build.0 = Debug|Any CPU
		{2CAD1AD0-6E91-45A7-B836-9CC7302D47E3}.Release|Any CPU.ActiveCfg = Release|Any CPU
		{2CAD1AD0-6E91-45A7-B836-9CC7302D47E3}.Release|Any CPU.Build.0 = Release|Any CPU
		{FDC08C0B-1A24-4A51-93EC-6210BAC8ACD1}.Debug|Any CPU.ActiveCfg = Debug|Any CPU
		{FDC08C0B-1A24-4A51-93EC-6210BAC8ACD1}.Debug|Any CPU.Build.0 = Debug|Any CPU
		{FDC08C0B-1A24-4A51-93EC-6210BAC8ACD1}.Release|Any CPU.ActiveCfg = Release|Any CPU
		{FDC08C0B-1A24-4A51-93EC-6210BAC8ACD1}.Release|Any CPU.Build.0 = Release|Any CPU
	EndGlobalSection
	GlobalSection(SolutionProperties) = preSolution
		HideSolutionNode = FALSE
	EndGlobalSection
	GlobalSection(ExtensibilityGlobals) = postSolution
		SolutionGuid = {AD1371C7-5E86-48F8-B680-6689B7F4E74C}
	EndGlobalSection
EndGlobal
