
Microsoft Visual Studio Solution File, Format Version 12.00
# Visual Studio Version 16
VisualStudioVersion = 16.0.30517.126
MinimumVisualStudioVersion = 10.0.40219.1
Project("{9A19103F-16F7-4668-BE54-9A1E7A4F7556}") = "0.1FlowerWreaths", "0.1FlowerWreaths\0.1FlowerWreaths.csproj", "{16D83B95-F08B-4241-920E-6B9E2BCDD681}"
EndProject
Project("{9A19103F-16F7-4668-BE54-9A1E7A4F7556}") = "0.3VetClinic", "0.3VetClinic\0.3VetClinic.csproj", "{29A4F809-7475-49E1-A643-19DCB81837CE}"
EndProject
Project("{FAE04EC0-301F-11D3-BF4B-00C04F79EFBC}") = "0.2Bee", "0.2Bee\0.2Bee.csproj", "{ED3AB8EA-6EEB-421F-94C9-BBCCA5B0CB23}"
EndProject
Project("{FAE04EC0-301F-11D3-BF4B-00C04F79EFBC}") = "test", "test\test.csproj", "{24D451D2-D10D-4261-9057-65D7F05AD898}"
EndProject
Global
	GlobalSection(SolutionConfigurationPlatforms) = preSolution
		Debug|Any CPU = Debug|Any CPU
		Release|Any CPU = Release|Any CPU
	EndGlobalSection
	GlobalSection(ProjectConfigurationPlatforms) = postSolution
		{16D83B95-F08B-4241-920E-6B9E2BCDD681}.Debug|Any CPU.ActiveCfg = Debug|Any CPU
		{16D83B95-F08B-4241-920E-6B9E2BCDD681}.Debug|Any CPU.Build.0 = Debug|Any CPU
		{16D83B95-F08B-4241-920E-6B9E2BCDD681}.Release|Any CPU.ActiveCfg = Release|Any CPU
		{16D83B95-F08B-4241-920E-6B9E2BCDD681}.Release|Any CPU.Build.0 = Release|Any CPU
		{29A4F809-7475-49E1-A643-19DCB81837CE}.Debug|Any CPU.ActiveCfg = Debug|Any CPU
		{29A4F809-7475-49E1-A643-19DCB81837CE}.Debug|Any CPU.Build.0 = Debug|Any CPU
		{29A4F809-7475-49E1-A643-19DCB81837CE}.Release|Any CPU.ActiveCfg = Release|Any CPU
		{29A4F809-7475-49E1-A643-19DCB81837CE}.Release|Any CPU.Build.0 = Release|Any CPU
		{ED3AB8EA-6EEB-421F-94C9-BBCCA5B0CB23}.Debug|Any CPU.ActiveCfg = Debug|Any CPU
		{ED3AB8EA-6EEB-421F-94C9-BBCCA5B0CB23}.Debug|Any CPU.Build.0 = Debug|Any CPU
		{ED3AB8EA-6EEB-421F-94C9-BBCCA5B0CB23}.Release|Any CPU.ActiveCfg = Release|Any CPU
		{ED3AB8EA-6EEB-421F-94C9-BBCCA5B0CB23}.Release|Any CPU.Build.0 = Release|Any CPU
		{24D451D2-D10D-4261-9057-65D7F05AD898}.Debug|Any CPU.ActiveCfg = Debug|Any CPU
		{24D451D2-D10D-4261-9057-65D7F05AD898}.Debug|Any CPU.Build.0 = Debug|Any CPU
		{24D451D2-D10D-4261-9057-65D7F05AD898}.Release|Any CPU.ActiveCfg = Release|Any CPU
		{24D451D2-D10D-4261-9057-65D7F05AD898}.Release|Any CPU.Build.0 = Release|Any CPU
	EndGlobalSection
	GlobalSection(SolutionProperties) = preSolution
		HideSolutionNode = FALSE
	EndGlobalSection
	GlobalSection(ExtensibilityGlobals) = postSolution
		SolutionGuid = {55E600D2-47C3-4DCC-B847-5F3857F17824}
	EndGlobalSection
EndGlobal
